{
  "name": "task-similarity",
  "version": "0.0.1",
  "lockfileVersion": 1,
  "requires": true,
  "dependencies": {
    "string-similarity": {
      "version": "4.0.3",
      "resolved": "https://registry.npmjs.org/string-similarity/-/string-similarity-4.0.3.tgz",
      "integrity": "sha512-QEwJzNFCqq+5AGImk5z4vbsEPTN/+gtyKfXBVLBcbPBRPNganZGfQnIuf9yJ+GiwSnD65sT8xrw/uwU1Q1WmfQ=="
    }
  }
}
